
Microsoft Visual Studio Solution File, Format Version 12.00
# Visual Studio Version 16
VisualStudioVersion = 16.0.30028.174
MinimumVisualStudioVersion = 10.0.40219.1
Project("{2150E333-8FDC-42A3-9474-1A3956D46DE8}") = "src", "src", "{88D673E0-B13D-4061-9823-5193672AE996}"
EndProject
Project("{FAE04EC0-301F-11D3-BF4B-00C04F79EFBC}") = "Sotsera.Cdn", "src\Sotsera.Cdn\Sotsera.Cdn.csproj", "{5DCF0D05-861C-44E9-846C-FFE05AB48A10}"
EndProject
Project("{FAE04EC0-301F-11D3-BF4B-00C04F79EFBC}") = "Sotsera.Cdn.Demo", "src\Sotsera.Cdn.Demo\Sotsera.Cdn.Demo.csproj", "{BA2716E3-72D4-41E4-8BF4-DF05DFACFA55}"
EndProject
Global
	GlobalSection(SolutionConfigurationPlatforms) = preSolution
		Debug|Any CPU = Debug|Any CPU
		Release|Any CPU = Release|Any CPU
	EndGlobalSection
	GlobalSection(ProjectConfigurationPlatforms) = postSolution
		{5DCF0D05-861C-44E9-846C-FFE05AB48A10}.Debug|Any CPU.ActiveCfg = Debug|Any CPU
		{5DCF0D05-861C-44E9-846C-FFE05AB48A10}.Debug|Any CPU.Build.0 = Debug|Any CPU
		{5DCF0D05-861C-44E9-846C-FFE05AB48A10}.Release|Any CPU.ActiveCfg = Release|Any CPU
		{5DCF0D05-861C-44E9-846C-FFE05AB48A10}.Release|Any CPU.Build.0 = Release|Any CPU
		{BA2716E3-72D4-41E4-8BF4-DF05DFACFA55}.Debug|Any CPU.ActiveCfg = Debug|Any CPU
		{BA2716E3-72D4-41E4-8BF4-DF05DFACFA55}.Debug|Any CPU.Build.0 = Debug|Any CPU
		{BA2716E3-72D4-41E4-8BF4-DF05DFACFA55}.Release|Any CPU.ActiveCfg = Release|Any CPU
		{BA2716E3-72D4-41E4-8BF4-DF05DFACFA55}.Release|Any CPU.Build.0 = Release|Any CPU
	EndGlobalSection
	GlobalSection(SolutionProperties) = preSolution
		HideSolutionNode = FALSE
	EndGlobalSection
	GlobalSection(NestedProjects) = preSolution
		{5DCF0D05-861C-44E9-846C-FFE05AB48A10} = {88D673E0-B13D-4061-9823-5193672AE996}
		{BA2716E3-72D4-41E4-8BF4-DF05DFACFA55} = {88D673E0-B13D-4061-9823-5193672AE996}
	EndGlobalSection
	GlobalSection(ExtensibilityGlobals) = postSolution
		SolutionGuid = {8F18EAED-43F5-4F90-8B1E-7C02E03073F0}
	EndGlobalSection
EndGlobal
